
Microsoft Visual Studio Solution File, Format Version 12.00
# Visual Studio Version 17
VisualStudioVersion = 17.0.31903.59
MinimumVisualStudioVersion = 10.0.40219.1
Project("{2150E333-8FDC-42A3-9474-1A3956D46DE8}") = "src", "src", "{E1E17611-786C-43BC-92AD-5C2F306E47F5}"
EndProject
Project("{FAE04EC0-301F-11D3-BF4B-00C04F79EFBC}") = "Aiursoft.GptGateway.Api", "src\Aiursoft.GptGateway.Api\Aiursoft.GptGateway.Api.csproj", "{1B0BD152-6A9D-459F-B89E-0AA9D00FBD05}"
EndProject
Project("{2150E333-8FDC-42A3-9474-1A3956D46DE8}") = "tests", "tests", "{72FCE6A3-A768-4ADB-B637-D4F8169014CD}"
EndProject
Project("{FAE04EC0-301F-11D3-BF4B-00C04F79EFBC}") = "Aiursoft.GptGateway.Tests", "tests\Aiursoft.GptGateway.Tests\Aiursoft.GptGateway.Tests.csproj", "{36EAD645-9D78-4FAE-B392-63992D469E33}"
EndProject
Global
	GlobalSection(SolutionConfigurationPlatforms) = preSolution
		Debug|Any CPU = Debug|Any CPU
		Release|Any CPU = Release|Any CPU
	EndGlobalSection
	GlobalSection(SolutionProperties) = preSolution
		HideSolutionNode = FALSE
	EndGlobalSection
	GlobalSection(ProjectConfigurationPlatforms) = postSolution
		{1B0BD152-6A9D-459F-B89E-0AA9D00FBD05}.Debug|Any CPU.ActiveCfg = Debug|Any CPU
		{1B0BD152-6A9D-459F-B89E-0AA9D00FBD05}.Debug|Any CPU.Build.0 = Debug|Any CPU
		{1B0BD152-6A9D-459F-B89E-0AA9D00FBD05}.Release|Any CPU.ActiveCfg = Release|Any CPU
		{1B0BD152-6A9D-459F-B89E-0AA9D00FBD05}.Release|Any CPU.Build.0 = Release|Any CPU
		{36EAD645-9D78-4FAE-B392-63992D469E33}.Debug|Any CPU.ActiveCfg = Debug|Any CPU
		{36EAD645-9D78-4FAE-B392-63992D469E33}.Debug|Any CPU.Build.0 = Debug|Any CPU
		{36EAD645-9D78-4FAE-B392-63992D469E33}.Release|Any CPU.ActiveCfg = Release|Any CPU
		{36EAD645-9D78-4FAE-B392-63992D469E33}.Release|Any CPU.Build.0 = Release|Any CPU
	EndGlobalSection
	GlobalSection(NestedProjects) = preSolution
		{1B0BD152-6A9D-459F-B89E-0AA9D00FBD05} = {E1E17611-786C-43BC-92AD-5C2F306E47F5}
		{36EAD645-9D78-4FAE-B392-63992D469E33} = {72FCE6A3-A768-4ADB-B637-D4F8169014CD}
	EndGlobalSection
EndGlobal
